
Microsoft Visual Studio Solution File, Format Version 12.00
# Visual Studio Version 17
VisualStudioVersion = 17.0.31903.59
MinimumVisualStudioVersion = 10.0.40219.1
Project("{2150E333-8FDC-42A3-9474-1A3956D46DE8}") = "src", "src", "{827E0CD3-B72D-47B6-A68D-7590B98EB39B}"
EndProject
Project("{FAE04EC0-301F-11D3-BF4B-00C04F79EFBC}") = "SDAHymns.Core", "src\SDAHymns.Core\SDAHymns.Core.csproj", "{68FC63DB-C3B6-407A-8BA7-CF414EDE022C}"
EndProject
Project("{FAE04EC0-301F-11D3-BF4B-00C04F79EFBC}") = "SDAHymns.Desktop", "src\SDAHymns.Desktop\SDAHymns.Desktop.csproj", "{A6616060-C07B-4C0C-832C-73ACA986D698}"
EndProject
Project("{FAE04EC0-301F-11D3-BF4B-00C04F79EFBC}") = "SDAHymns.CLI", "src\SDAHymns.CLI\SDAHymns.CLI.csproj", "{0DC223F7-2EAD-4E14-8466-63159E991204}"
EndProject
Project("{2150E333-8FDC-42A3-9474-1A3956D46DE8}") = "tests", "tests", "{0AB3BF05-4346-4AA6-1389-037BE0695223}"
EndProject
Project("{FAE04EC0-301F-11D3-BF4B-00C04F79EFBC}") = "SDAHymns.Tests", "tests\SDAHymns.Tests\SDAHymns.Tests.csproj", "{F0F1EBF2-4E8D-4622-85EA-154F70031BAD}"
EndProject
Global
	GlobalSection(SolutionConfigurationPlatforms) = preSolution
		Debug|Any CPU = Debug|Any CPU
		Debug|x64 = Debug|x64
		Debug|x86 = Debug|x86
		Release|Any CPU = Release|Any CPU
		Release|x64 = Release|x64
		Release|x86 = Release|x86
	EndGlobalSection
	GlobalSection(ProjectConfigurationPlatforms) = postSolution
		{68FC63DB-C3B6-407A-8BA7-CF414EDE022C}.Debug|Any CPU.ActiveCfg = Debug|Any CPU
		{68FC63DB-C3B6-407A-8BA7-CF414EDE022C}.Debug|Any CPU.Build.0 = Debug|Any CPU
		{68FC63DB-C3B6-407A-8BA7-CF414EDE022C}.Debug|x64.ActiveCfg = Debug|Any CPU
		{68FC63DB-C3B6-407A-8BA7-CF414EDE022C}.Debug|x64.Build.0 = Debug|Any CPU
		{68FC63DB-C3B6-407A-8BA7-CF414EDE022C}.Debug|x86.ActiveCfg = Debug|Any CPU
		{68FC63DB-C3B6-407A-8BA7-CF414EDE022C}.Debug|x86.Build.0 = Debug|Any CPU
		{68FC63DB-C3B6-407A-8BA7-CF414EDE022C}.Release|Any CPU.ActiveCfg = Release|Any CPU
		{68FC63DB-C3B6-407A-8BA7-CF414EDE022C}.Release|Any CPU.Build.0 = Release|Any CPU
		{68FC63DB-C3B6-407A-8BA7-CF414EDE022C}.Release|x64.ActiveCfg = Release|Any CPU
		{68FC63DB-C3B6-407A-8BA7-CF414EDE022C}.Release|x64.Build.0 = Release|Any CPU
		{68FC63DB-C3B6-407A-8BA7-CF414EDE022C}.Release|x86.ActiveCfg = Release|Any CPU
		{68FC63DB-C3B6-407A-8BA7-CF414EDE022C}.Release|x86.Build.0 = Release|Any CPU
		{A6616060-C07B-4C0C-832C-73ACA986D698}.Debug|Any CPU.ActiveCfg = Debug|Any CPU
		{A6616060-C07B-4C0C-832C-73ACA986D698}.Debug|Any CPU.Build.0 = Debug|Any CPU
		{A6616060-C07B-4C0C-832C-73ACA986D698}.Debug|x64.ActiveCfg = Debug|Any CPU
		{A6616060-C07B-4C0C-832C-73ACA986D698}.Debug|x64.Build.0 = Debug|Any CPU
		{A6616060-C07B-4C0C-832C-73ACA986D698}.Debug|x86.ActiveCfg = Debug|Any CPU
		{A6616060-C07B-4C0C-832C-73ACA986D698}.Debug|x86.Build.0 = Debug|Any CPU
		{A6616060-C07B-4C0C-832C-73ACA986D698}.Release|Any CPU.ActiveCfg = Release|Any CPU
		{A6616060-C07B-4C0C-832C-73ACA986D698}.Release|Any CPU.Build.0 = Release|Any CPU
		{A6616060-C07B-4C0C-832C-73ACA986D698}.Release|x64.ActiveCfg = Release|Any CPU
		{A6616060-C07B-4C0C-832C-73ACA986D698}.Release|x64.Build.0 = Release|Any CPU
		{A6616060-C07B-4C0C-832C-73ACA986D698}.Release|x86.ActiveCfg = Release|Any CPU
		{A6616060-C07B-4C0C-832C-73ACA986D698}.Release|x86.Build.0 = Release|Any CPU
		{0DC223F7-2EAD-4E14-8466-63159E991204}.Debug|Any CPU.ActiveCfg = Debug|Any CPU
		{0DC223F7-2EAD-4E14-8466-63159E991204}.Debug|Any CPU.Build.0 = Debug|Any CPU
		{0DC223F7-2EAD-4E14-8466-63159E991204}.Debug|x64.ActiveCfg = Debug|Any CPU
		{0DC223F7-2EAD-4E14-8466-63159E991204}.Debug|x64.Build.0 = Debug|Any CPU
		{0DC223F7-2EAD-4E14-8466-63159E991204}.Debug|x86.ActiveCfg = Debug|Any CPU
		{0DC223F7-2EAD-4E14-8466-63159E991204}.Debug|x86.Build.0 = Debug|Any CPU
		{0DC223F7-2EAD-4E14-8466-63159E991204}.Release|Any CPU.ActiveCfg = Release|Any CPU
		{0DC223F7-2EAD-4E14-8466-63159E991204}.Release|Any CPU.Build.0 = Release|Any CPU
		{0DC223F7-2EAD-4E14-8466-63159E991204}.Release|x64.ActiveCfg = Release|Any CPU
		{0DC223F7-2EAD-4E14-8466-63159E991204}.Release|x64.Build.0 = Release|Any CPU
		{0DC223F7-2EAD-4E14-8466-63159E991204}.Release|x86.ActiveCfg = Release|Any CPU
		{0DC223F7-2EAD-4E14-8466-63159E991204}.Release|x86.Build.0 = Release|Any CPU
		{F0F1EBF2-4E8D-4622-85EA-154F70031BAD}.Debug|Any CPU.ActiveCfg = Debug|Any CPU
		{F0F1EBF2-4E8D-4622-85EA-154F70031BAD}.Debug|Any CPU.Build.0 = Debug|Any CPU
		{F0F1EBF2-4E8D-4622-85EA-154F70031BAD}.Debug|x64.ActiveCfg = Debug|Any CPU
		{F0F1EBF2-4E8D-4622-85EA-154F70031BAD}.Debug|x64.Build.0 = Debug|Any CPU
		{F0F1EBF2-4E8D-4622-85EA-154F70031BAD}.Debug|x86.ActiveCfg = Debug|Any CPU
		{F0F1EBF2-4E8D-4622-85EA-154F70031BAD}.Debug|x86.Build.0 = Debug|Any CPU
		{F0F1EBF2-4E8D-4622-85EA-154F70031BAD}.Release|Any CPU.ActiveCfg = Release|Any CPU
		{F0F1EBF2-4E8D-4622-85EA-154F70031BAD}.Release|Any CPU.Build.0 = Release|Any CPU
		{F0F1EBF2-4E8D-4622-85EA-154F70031BAD}.Release|x64.ActiveCfg = Release|Any CPU
		{F0F1EBF2-4E8D-4622-85EA-154F70031BAD}.Release|x64.Build.0 = Release|Any CPU
		{F0F1EBF2-4E8D-4622-85EA-154F70031BAD}.Release|x86.ActiveCfg = Release|Any CPU
		{F0F1EBF2-4E8D-4622-85EA-154F70031BAD}.Release|x86.Build.0 = Release|Any CPU
	EndGlobalSection
	GlobalSection(SolutionProperties) = preSolution
		HideSolutionNode = FALSE
	EndGlobalSection
	GlobalSection(NestedProjects) = preSolution
		{68FC63DB-C3B6-407A-8BA7-CF414EDE022C} = {827E0CD3-B72D-47B6-A68D-7590B98EB39B}
		{A6616060-C07B-4C0C-832C-73ACA986D698} = {827E0CD3-B72D-47B6-A68D-7590B98EB39B}
		{0DC223F7-2EAD-4E14-8466-63159E991204} = {827E0CD3-B72D-47B6-A68D-7590B98EB39B}
		{F0F1EBF2-4E8D-4622-85EA-154F70031BAD} = {0AB3BF05-4346-4AA6-1389-037BE0695223}
	EndGlobalSection
EndGlobal
